
Microsoft Visual Studio Solution File, Format Version 12.00
# Visual Studio Version 17
VisualStudioVersion = 17.11.35312.102
MinimumVisualStudioVersion = 10.0.40219.1
Project("{FAE04EC0-301F-11D3-BF4B-00C04F79EFBC}") = "SerialPlot", "SerialPlot.csproj", "{4E5D2A39-FB93-48F0-B941-BA209BD7421B}"
EndProject
Global
	GlobalSection(SolutionConfigurationPlatforms) = preSolution
		Debug|Any CPU = Debug|Any CPU
		Release|Any CPU = Release|Any CPU
	EndGlobalSection
	GlobalSection(ProjectConfigurationPlatforms) = postSolution
		{4E5D2A39-FB93-48F0-B941-BA209BD7421B}.Debug|Any CPU.ActiveCfg = Debug|Any CPU
		{4E5D2A39-FB93-48F0-B941-BA209BD7421B}.Debug|Any CPU.Build.0 = Debug|Any CPU
		{4E5D2A39-FB93-48F0-B941-BA209BD7421B}.Release|Any CPU.ActiveCfg = Release|Any CPU
		{4E5D2A39-FB93-48F0-B941-BA209BD7421B}.Release|Any CPU.Build.0 = Release|Any CPU
	EndGlobalSection
	GlobalSection(SolutionProperties) = preSolution
		HideSolutionNode = FALSE
	EndGlobalSection
	GlobalSection(ExtensibilityGlobals) = postSolution
		SolutionGuid = {90FF2457-6759-461D-899A-BD6AA9BBF2FA}
	EndGlobalSection
EndGlobal
